{
  "lockfileVersion": 1,
  "workspaces": {
    "": {
      "name": "@rs-agent/sdk",
      "dependencies": {
        "@2004scape/rsmod-pathfinder": "github:MaxBittker/rsmod-pathfinder#df7ec08",
      },
      "peerDependencies": {
        "typescript": "^5",
      },
    },
  },
  "packages": {
    "@2004scape/rsmod-pathfinder": ["@2004scape/rsmod-pathfinder@github:MaxBittker/rsmod-pathfinder#df7ec08", {}, "MaxBittker-rsmod-pathfinder-df7ec08"],

    "typescript": ["typescript@5.9.3", "", { "bin": { "tsc": "bin/tsc", "tsserver": "bin/tsserver" } }, "sha512-jl1vZzPDinLr9eUt3J/t7V6FgNEw9QjvBPdysz9KfQDD41fQrC2Y4vKQdiaUpFT4bXlb1RHhLpp8wtm6M5TgSw=="],
  }
}
